// !$*UTF8*$!
{
	archiveVersion = 1;
	classes = {
	};
	objectVersion = 50;
	objects = {

/* Begin PBXBuildFile section */
		84B7EF2F226EF68100B06C60 /* AppDelegate.swift in Sources */ = {isa = PBXBuildFile; fileRef = 84B7EF2E226EF68100B06C60 /* AppDelegate.swift */; };
		84B7EF31226EF68100B06C60 /* ViewController.swift in Sources */ = {isa = PBXBuildFile; fileRef = 84B7EF30226EF68100B06C60 /* ViewController.swift */; };
		84B7EF34226EF68100B06C60 /* Main.storyboard in Resources */ = {isa = PBXBuildFile; fileRef = 84B7EF32226EF68100B06C60 /* Main.storyboard */; };
		84B7EF36226EF68200B06C60 /* Assets.xcassets in Resources */ = {isa = PBXBuildFile; fileRef = 84B7EF35226EF68200B06C60 /* Assets.xcassets */; };
		84B7EF39226EF68200B06C60 /* LaunchScreen.storyboard in Resources */ = {isa = PBXBuildFile; fileRef = 84B7EF37226EF68200B06C60 /* LaunchScreen.storyboard */; };
		84B7EF44226EF68200B06C60 /* IOS_ReleaseTests.swift in Sources */ = {isa = PBXBuildFile; fileRef = 84B7EF43226EF68200B06C60 /* IOS_ReleaseTests.swift */; };
		84B7EF4F226EF68200B06C60 /* IOS_ReleaseUITests.swift in Sources */ = {isa = PBXBuildFile; fileRef = 84B7EF4E226EF68200B06C60 /* IOS_ReleaseUITests.swift */; };
		84B7EF5D226EF86F00B06C60 /* UIsearch.swift in Sources */ = {isa = PBXBuildFile; fileRef = 84B7EF5C226EF86F00B06C60 /* UIsearch.swift */; };
		84B7EF5F226F84C900B06C60 /* TableCell.swift in Sources */ = {isa = PBXBuildFile; fileRef = 84B7EF5E226F84C900B06C60 /* TableCell.swift */; };
		84B7EF61226F918F00B06C60 /* food.swift in Sources */ = {isa = PBXBuildFile; fileRef = 84B7EF60226F918F00B06C60 /* food.swift */; };
/* End PBXBuildFile section */

/* Begin PBXContainerItemProxy section */
		84B7EF40226EF68200B06C60 /* PBXContainerItemProxy */ = {
			isa = PBXContainerItemProxy;
			containerPortal = 84B7EF23226EF68100B06C60 /* Project object */;
			proxyType = 1;
			remoteGlobalIDString = 84B7EF2A226EF68100B06C60;
			remoteInfo = "IOS Release";
		};
		84B7EF4B226EF68200B06C60 /* PBXContainerItemProxy */ = {
			isa = PBXContainerItemProxy;
			containerPortal = 84B7EF23226EF68100B06C60 /* Project object */;
			proxyType = 1;
			remoteGlobalIDString = 84B7EF2A226EF68100B06C60;
			remoteInfo = "IOS Release";
		};
/* End PBXContainerItemProxy section */

/* Begin PBXFileReference section */
		84B7EF2B226EF68100B06C60 /* IOS Release.app */ = {isa = PBXFileReference; explicitFileType = wrapper.application; includeInIndex = 0; path = "IOS Release.app"; sourceTree = BUILT_PRODUCTS_DIR; };
		84B7EF2E226EF68100B06C60 /* AppDelegate.swift */ = {isa = PBXFileReference; lastKnownFileType = sourcecode.swift; path = AppDelegate.swift; sourceTree = "<group>"; };
		84B7EF30226EF68100B06C60 /* ViewController.swift */ = {isa = PBXFileReference; lastKnownFileType = sourcecode.swift; path = ViewController.swift; sourceTree = "<group>"; };
		84B7EF33226EF68100B06C60 /* Base */ = {isa = PBXFileReference; lastKnownFileType = file.storyboard; name = Base; path = Base.lproj/Main.storyboard; sourceTree = "<group>"; };
		84B7EF35226EF68200B06C60 /* Assets.xcassets */ = {isa = PBXFileReference; lastKnownFileType = folder.assetcatalog; path = Assets.xcassets; sourceTree = "<group>"; };
		84B7EF38226EF68200B06C60 /* Base */ = {isa = PBXFileReference; lastKnownFileType = file.storyboard; name = Base; path = Base.lproj/LaunchScreen.storyboard; sourceTree = "<group>"; };
		84B7EF3A226EF68200B06C60 /* Info.plist */ = {isa = PBXFileReference; lastKnownFileType = text.plist.xml; path = Info.plist; sourceTree = "<group>"; };
		84B7EF3F226EF68200B06C60 /* IOS ReleaseTests.xctest */ = {isa = PBXFileReference; explicitFileType = wrapper.cfbundle; includeInIndex = 0; path = "IOS ReleaseTests.xctest"; sourceTree = BUILT_PRODUCTS_DIR; };
		84B7EF43226EF68200B06C60 /* IOS_ReleaseTests.swift */ = {isa = PBXFileReference; lastKnownFileType = sourcecode.swift; path = IOS_ReleaseTests.swift; sourceTree = "<group>"; };
		84B7EF45226EF68200B06C60 /* Info.plist */ = {isa = PBXFileReference; lastKnownFileType = text.plist.xml; path = Info.plist; sourceTree = "<group>"; };
		84B7EF4A226EF68200B06C60 /* IOS ReleaseUITests.xctest */ = {isa = PBXFileReference; explicitFileType = wrapper.cfbundle; includeInIndex = 0; path = "IOS ReleaseUITests.xctest"; sourceTree = BUILT_PRODUCTS_DIR; };
		84B7EF4E226EF68200B06C60 /* IOS_ReleaseUITests.swift */ = {isa = PBXFileReference; lastKnownFileType = sourcecode.swift; path = IOS_ReleaseUITests.swift; sourceTree = "<group>"; };
		84B7EF50226EF68200B06C60 /* Info.plist */ = {isa = PBXFileReference; lastKnownFileType = text.plist.xml; path = Info.plist; sourceTree = "<group>"; };
		84B7EF5C226EF86F00B06C60 /* UIsearch.swift */ = {isa = PBXFileReference; lastKnownFileType = sourcecode.swift; path = UIsearch.swift; sourceTree = "<group>"; };
		84B7EF5E226F84C900B06C60 /* TableCell.swift */ = {isa = PBXFileReference; lastKnownFileType = sourcecode.swift; path = TableCell.swift; sourceTree = "<group>"; };
		84B7EF60226F918F00B06C60 /* food.swift */ = {isa = PBXFileReference; lastKnownFileType = sourcecode.swift; path = food.swift; sourceTree = "<group>"; };
/* End PBXFileReference section */

/* Begin PBXFrameworksBuildPhase section */
		84B7EF28226EF68100B06C60 /* Frameworks */ = {
			isa = PBXFrameworksBuildPhase;
			buildActionMask = 2147483647;
			files = (
			);
			runOnlyForDeploymentPostprocessing = 0;
		};
		84B7EF3C226EF68200B06C60 /* Frameworks */ = {
			isa = PBXFrameworksBuildPhase;
			buildActionMask = 2147483647;
			files = (
			);
			runOnlyForDeploymentPostprocessing = 0;
		};
		84B7EF47226EF68200B06C60 /* Frameworks */ = {
			isa = PBXFrameworksBuildPhase;
			buildActionMask = 2147483647;
			files = (
			);
			runOnlyForDeploymentPostprocessing = 0;
		};
/* End PBXFrameworksBuildPhase section */

/* Begin PBXGroup section */
		84B7EF22226EF68100B06C60 = {
			isa = PBXGroup;
			children = (
				84B7EF2D226EF68100B06C60 /* IOS Release */,
				84B7EF42226EF68200B06C60 /* IOS ReleaseTests */,
				84B7EF4D226EF68200B06C60 /* IOS ReleaseUITests */,
				84B7EF2C226EF68100B06C60 /* Products */,
			);
			sourceTree = "<group>";
		};
		84B7EF2C226EF68100B06C60 /* Products */ = {
			isa = PBXGroup;
			children = (
				84B7EF2B226EF68100B06C60 /* IOS Release.app */,
				84B7EF3F226EF68200B06C60 /* IOS ReleaseTests.xctest */,
				84B7EF4A226EF68200B06C60 /* IOS ReleaseUITests.xctest */,
			);
			name = Products;
			sourceTree = "<group>";
		};
		84B7EF2D226EF68100B06C60 /* IOS Release */ = {
			isa = PBXGroup;
			children = (
				84B7EF2E226EF68100B06C60 /* AppDelegate.swift */,
				84B7EF30226EF68100B06C60 /* ViewController.swift */,
				84B7EF32226EF68100B06C60 /* Main.storyboard */,
				84B7EF35226EF68200B06C60 /* Assets.xcassets */,
				84B7EF37226EF68200B06C60 /* LaunchScreen.storyboard */,
				84B7EF3A226EF68200B06C60 /* Info.plist */,
				84B7EF5C226EF86F00B06C60 /* UIsearch.swift */,
				84B7EF5E226F84C900B06C60 /* TableCell.swift */,
				84B7EF60226F918F00B06C60 /* food.swift */,
			);
			path = "IOS Release";
			sourceTree = "<group>";
		};
		84B7EF42226EF68200B06C60 /* IOS ReleaseTests */ = {
			isa = PBXGroup;
			children = (
				84B7EF43226EF68200B06C60 /* IOS_ReleaseTests.swift */,
				84B7EF45226EF68200B06C60 /* Info.plist */,
			);
			path = "IOS ReleaseTests";
			sourceTree = "<group>";
		};
		84B7EF4D226EF68200B06C60 /* IOS ReleaseUITests */ = {
			isa = PBXGroup;
			children = (
				84B7EF4E226EF68200B06C60 /* IOS_ReleaseUITests.swift */,
				84B7EF50226EF68200B06C60 /* Info.plist */,
			);
			path = "IOS ReleaseUITests";
			sourceTree = "<group>";
		};
/* End PBXGroup section */

/* Begin PBXNativeTarget section */
		84B7EF2A226EF68100B06C60 /* IOS Release */ = {
			isa = PBXNativeTarget;
			buildConfigurationList = 84B7EF53226EF68200B06C60 /* Build configuration list for PBXNativeTarget "IOS Release" */;
			buildPhases = (
				84B7EF27226EF68100B06C60 /* Sources */,
				84B7EF28226EF68100B06C60 /* Frameworks */,
				84B7EF29226EF68100B06C60 /* Resources */,
			);
			buildRules = (
			);
			dependencies = (
			);
			name = "IOS Release";
			productName = "IOS Release";
			productReference = 84B7EF2B226EF68100B06C60 /* IOS Release.app */;
			productType = "com.apple.product-type.application";
		};
		84B7EF3E226EF68200B06C60 /* IOS ReleaseTests */ = {
			isa = PBXNativeTarget;
			buildConfigurationList = 84B7EF56226EF68200B06C60 /* Build configuration list for PBXNativeTarget "IOS ReleaseTests" */;
			buildPhases = (
				84B7EF3B226EF68200B06C60 /* Sources */,
				84B7EF3C226EF68200B06C60 /* Frameworks */,
				84B7EF3D226EF68200B06C60 /* Resources */,
			);
			buildRules = (
			);
			dependencies = (
				84B7EF41226EF68200B06C60 /* PBXTargetDependency */,
			);
			name = "IOS ReleaseTests";
			productName = "IOS ReleaseTests";
			productReference = 84B7EF3F226EF68200B06C60 /* IOS ReleaseTests.xctest */;
			productType = "com.apple.product-type.bundle.unit-test";
		};
		84B7EF49226EF68200B06C60 /* IOS ReleaseUITests */ = {
			isa = PBXNativeTarget;
			buildConfigurationList = 84B7EF59226EF68200B06C60 /* Build configuration list for PBXNativeTarget "IOS ReleaseUITests" */;
			buildPhases = (
				84B7EF46226EF68200B06C60 /* Sources */,
				84B7EF47226EF68200B06C60 /* Frameworks */,
				84B7EF48226EF68200B06C60 /* Resources */,
			);
			buildRules = (
			);
			dependencies = (
				84B7EF4C226EF68200B06C60 /* PBXTargetDependency */,
			);
			name = "IOS ReleaseUITests";
			productName = "IOS ReleaseUITests";
			productReference = 84B7EF4A226EF68200B06C60 /* IOS ReleaseUITests.xctest */;
			productType = "com.apple.product-type.bundle.ui-testing";
		};
/* End PBXNativeTarget section */

/* Begin PBXProject section */
		84B7EF23226EF68100B06C60 /* Project object */ = {
			isa = PBXProject;
			attributes = {
				LastSwiftUpdateCheck = 1010;
				LastUpgradeCheck = 1010;
				ORGANIZATIONNAME = "Tru Nguyen";
				TargetAttributes = {
					84B7EF2A226EF68100B06C60 = {
						CreatedOnToolsVersion = 10.1;
					};
					84B7EF3E226EF68200B06C60 = {
						CreatedOnToolsVersion = 10.1;
						TestTargetID = 84B7EF2A226EF68100B06C60;
					};
					84B7EF49226EF68200B06C60 = {
						CreatedOnToolsVersion = 10.1;
						TestTargetID = 84B7EF2A226EF68100B06C60;
					};
				};
			};
			buildConfigurationList = 84B7EF26226EF68100B06C60 /* Build configuration list for PBXProject "IOS Release" */;
			compatibilityVersion = "Xcode 9.3";
			developmentRegion = en;
			hasScannedForEncodings = 0;
			knownRegions = (
				en,
				Base,
			);
			mainGroup = 84B7EF22226EF68100B06C60;
			productRefGroup = 84B7EF2C226EF68100B06C60 /* Products */;
			projectDirPath = "";
			projectRoot = "";
			targets = (
				84B7EF2A226EF68100B06C60 /* IOS Release */,
				84B7EF3E226EF68200B06C60 /* IOS ReleaseTests */,
				84B7EF49226EF68200B06C60 /* IOS ReleaseUITests */,
			);
		};
/* End PBXProject section */

/* Begin PBXResourcesBuildPhase section */
		84B7EF29226EF68100B06C60 /* Resources */ = {
			isa = PBXResourcesBuildPhase;
			buildActionMask = 2147483647;
			files = (
				84B7EF39226EF68200B06C60 /* LaunchScreen.storyboard in Resources */,
				84B7EF36226EF68200B06C60 /* Assets.xcassets in Resources */,
				84B7EF34226EF68100B06C60 /* Main.storyboard in Resources */,
			);
			runOnlyForDeploymentPostprocessing = 0;
		};
		84B7EF3D226EF68200B06C60 /* Resources */ = {
			isa = PBXResourcesBuildPhase;
			buildActionMask = 2147483647;
			files = (
			);
			runOnlyForDeploymentPostprocessing = 0;
		};
		84B7EF48226EF68200B06C60 /* Resources */ = {
			isa = PBXResourcesBuildPhase;
			buildActionMask = 2147483647;
			files = (
			);
			runOnlyForDeploymentPostprocessing = 0;
		};
/* End PBXResourcesBuildPhase section */

/* Begin PBXSourcesBuildPhase section */
		84B7EF27226EF68100B06C60 /* Sources */ = {
			isa = PBXSourcesBuildPhase;
			buildActionMask = 2147483647;
			files = (
				84B7EF5D226EF86F00B06C60 /* UIsearch.swift in Sources */,
				84B7EF31226EF68100B06C60 /* ViewController.swift in Sources */,
				84B7EF5F226F84C900B06C60 /* TableCell.swift in Sources */,
				84B7EF2F226EF68100B06C60 /* AppDelegate.swift in Sources */,
				84B7EF61226F918F00B06C60 /* food.swift in Sources */,
			);
			runOnlyForDeploymentPostprocessing = 0;
		};
		84B7EF3B226EF68200B06C60 /* Sources */ = {
			isa = PBXSourcesBuildPhase;
			buildActionMask = 2147483647;
			files = (
				84B7EF44226EF68200B06C60 /* IOS_ReleaseTests.swift in Sources */,
			);
			runOnlyForDeploymentPostprocessing = 0;
		};
		84B7EF46226EF68200B06C60 /* Sources */ = {
			isa = PBXSourcesBuildPhase;
			buildActionMask = 2147483647;
			files = (
				84B7EF4F226EF68200B06C60 /* IOS_ReleaseUITests.swift in Sources */,
			);
			runOnlyForDeploymentPostprocessing = 0;
		};
/* End PBXSourcesBuildPhase section */

/* Begin PBXTargetDependency section */
		84B7EF41226EF68200B06C60 /* PBXTargetDependency */ = {
			isa = PBXTargetDependency;
			target = 84B7EF2A226EF68100B06C60 /* IOS Release */;
			targetProxy = 84B7EF40226EF68200B06C60 /* PBXContainerItemProxy */;
		};
		84B7EF4C226EF68200B06C60 /* PBXTargetDependency */ = {
			isa = PBXTargetDependency;
			target = 84B7EF2A226EF68100B06C60 /* IOS Release */;
			targetProxy = 84B7EF4B226EF68200B06C60 /* PBXContainerItemProxy */;
		};
/* End PBXTargetDependency section */

/* Begin PBXVariantGroup section */
		84B7EF32226EF68100B06C60 /* Main.storyboard */ = {
			isa = PBXVariantGroup;
			children = (
				84B7EF33226EF68100B06C60 /* Base */,
			);
			name = Main.storyboard;
			sourceTree = "<group>";
		};
		84B7EF37226EF68200B06C60 /* LaunchScreen.storyboard */ = {
			isa = PBXVariantGroup;
			children = (
				84B7EF38226EF68200B06C60 /* Base */,
			);
			name = LaunchScreen.storyboard;
			sourceTree = "<group>";
		};
/* End PBXVariantGroup section */

/* Begin XCBuildConfiguration section */
		84B7EF51226EF68200B06C60 /* Debug */ = {
			isa = XCBuildConfiguration;
			buildSettings = {
				ALWAYS_SEARCH_USER_PATHS = NO;
				CLANG_ANALYZER_NONNULL = YES;
				CLANG_ANALYZER_NUMBER_OBJECT_CONVERSION = YES_AGGRESSIVE;
				CLANG_CXX_LANGUAGE_STANDARD = "gnu++14";
				CLANG_CXX_LIBRARY = "libc++";
				CLANG_ENABLE_MODULES = YES;
				CLANG_ENABLE_OBJC_ARC = YES;
				CLANG_ENABLE_OBJC_WEAK = YES;
				CLANG_WARN_BLOCK_CAPTURE_AUTORELEASING = YES;
				CLANG_WARN_BOOL_CONVERSION = YES;
				CLANG_WARN_COMMA = YES;
				CLANG_WARN_CONSTANT_CONVERSION = YES;
				CLANG_WARN_DEPRECATED_OBJC_IMPLEMENTATIONS = YES;
				CLANG_WARN_DIRECT_OBJC_ISA_USAGE = YES_ERROR;
				CLANG_WARN_DOCUMENTATION_COMMENTS = YES;
				CLANG_WARN_EMPTY_BODY = YES;
				CLANG_WARN_ENUM_CONVERSION = YES;
				CLANG_WARN_INFINITE_RECURSION = YES;
				CLANG_WARN_INT_CONVERSION = YES;
				CLANG_WARN_NON_LITERAL_NULL_CONVERSION = YES;
				CLANG_WARN_OBJC_IMPLICIT_RETAIN_SELF = YES;
				CLANG_WARN_OBJC_LITERAL_CONVERSION = YES;
				CLANG_WARN_OBJC_ROOT_CLASS = YES_ERROR;
				CLANG_WARN_RANGE_LOOP_ANALYSIS = YES;
				CLANG_WARN_STRICT_PROTOTYPES = YES;
				CLANG_WARN_SUSPICIOUS_MOVE = YES;
				CLANG_WARN_UNGUARDED_AVAILABILITY = YES_AGGRESSIVE;
				CLANG_WARN_UNREACHABLE_CODE = YES;
				CLANG_WARN__DUPLICATE_METHOD_MATCH = YES;
				CODE_SIGN_IDENTITY = "iPhone Developer";
				COPY_PHASE_STRIP = NO;
				DEBUG_INFORMATION_FORMAT = dwarf;
				ENABLE_STRICT_OBJC_MSGSEND = YES;
				ENABLE_TESTABILITY = YES;
				GCC_C_LANGUAGE_STANDARD = gnu11;
				GCC_DYNAMIC_NO_PIC = NO;
				GCC_NO_COMMON_BLOCKS = YES;
				GCC_OPTIMIZATION_LEVEL = 0;
				GCC_PREPROCESSOR_DEFINITIONS = (
					"DEBUG=1",
					"$(inherited)",
				);
				GCC_WARN_64_TO_32_BIT_CONVERSION = YES;
				GCC_WARN_ABOUT_RETURN_TYPE = YES_ERROR;
				GCC_WARN_UNDECLARED_SELECTOR = YES;
				GCC_WARN_UNINITIALIZED_AUTOS = YES_AGGRESSIVE;
				GCC_WARN_UNUSED_FUNCTION = YES;
				GCC_WARN_UNUSED_VARIABLE = YES;
				IPHONEOS_DEPLOYMENT_TARGET = 12.1;
				MTL_ENABLE_DEBUG_INFO = INCLUDE_SOURCE;
				MTL_FAST_MATH = YES;
				ONLY_ACTIVE_ARCH = YES;
				SDKROOT = iphoneos;
				SWIFT_ACTIVE_COMPILATION_CONDITIONS = DEBUG;
				SWIFT_OPTIMIZATION_LEVEL = "-Onone";
			};
			name = Debug;
		};
		84B7EF52226EF68200B06C60 /* Release */ = {
			isa = XCBuildConfiguration;
			buildSettings = {
				ALWAYS_SEARCH_USER_PATHS = NO;
				CLANG_ANALYZER_NONNULL = YES;
				CLANG_ANALYZER_NUMBER_OBJECT_CONVERSION = YES_AGGRESSIVE;
				CLANG_CXX_LANGUAGE_STANDARD = "gnu++14";
				CLANG_CXX_LIBRARY = "libc++";
				CLANG_ENABLE_MODULES = YES;
				CLANG_ENABLE_OBJC_ARC = YES;
				CLANG_ENABLE_OBJC_WEAK = YES;
				CLANG_WARN_BLOCK_CAPTURE_AUTORELEASING = YES;
				CLANG_WARN_BOOL_CONVERSION = YES;
				CLANG_WARN_COMMA = YES;
				CLANG_WARN_CONSTANT_CONVERSION = YES;
				CLANG_WARN_DEPRECATED_OBJC_IMPLEMENTATIONS = YES;
				CLANG_WARN_DIRECT_OBJC_ISA_USAGE = YES_ERROR;
				CLANG_WARN_DOCUMENTATION_COMMENTS = YES;
				CLANG_WARN_EMPTY_BODY = YES;
				CLANG_WARN_ENUM_CONVERSION = YES;
				CLANG_WARN_INFINITE_RECURSION = YES;
				CLANG_WARN_INT_CONVERSION = YES;
				CLANG_WARN_NON_LITERAL_NULL_CONVERSION = YES;
				CLANG_WARN_OBJC_IMPLICIT_RETAIN_SELF = YES;
				CLANG_WARN_OBJC_LITERAL_CONVERSION = YES;
				CLANG_WARN_OBJC_ROOT_CLASS = YES_ERROR;
				CLANG_WARN_RANGE_LOOP_ANALYSIS = YES;
				CLANG_WARN_STRICT_PROTOTYPES = YES;
				CLANG_WARN_SUSPICIOUS_MOVE = YES;
				CLANG_WARN_UNGUARDED_AVAILABILITY = YES_AGGRESSIVE;
				CLANG_WARN_UNREACHABLE_CODE = YES;
				CLANG_WARN__DUPLICATE_METHOD_MATCH = YES;
				CODE_SIGN_IDENTITY = "iPhone Developer";
				COPY_PHASE_STRIP = NO;
				DEBUG_INFORMATION_FORMAT = "dwarf-with-dsym";
				ENABLE_NS_ASSERTIONS = NO;
				ENABLE_STRICT_OBJC_MSGSEND = YES;
				GCC_C_LANGUAGE_STANDARD = gnu11;
				GCC_NO_COMMON_BLOCKS = YES;
				GCC_WARN_64_TO_32_BIT_CONVERSION = YES;
				GCC_WARN_ABOUT_RETURN_TYPE = YES_ERROR;
				GCC_WARN_UNDECLARED_SELECTOR = YES;
				GCC_WARN_UNINITIALIZED_AUTOS = YES_AGGRESSIVE;
				GCC_WARN_UNUSED_FUNCTION = YES;
				GCC_WARN_UNUSED_VARIABLE = YES;
				IPHONEOS_DEPLOYMENT_TARGET = 12.1;
				MTL_ENABLE_DEBUG_INFO = NO;
				MTL_FAST_MATH = YES;
				SDKROOT = iphoneos;
				SWIFT_COMPILATION_MODE = wholemodule;
				SWIFT_OPTIMIZATION_LEVEL = "-O";
				VALIDATE_PRODUCT = YES;
			};
			name = Release;
		};
		84B7EF54226EF68200B06C60 /* Debug */ = {
			isa = XCBuildConfiguration;
			buildSettings = {
				ASSETCATALOG_COMPILER_APPICON_NAME = AppIcon;
				CODE_SIGN_STYLE = Automatic;
				DEVELOPMENT_TEAM = "";
				INFOPLIST_FILE = "IOS Release/Info.plist";
				LD_RUNPATH_SEARCH_PATHS = (
					"$(inherited)",
					"@executable_path/Frameworks",
				);
				PRODUCT_BUNDLE_IDENTIFIER = "com.trunguyen.IOS-Release";
				PRODUCT_NAME = "$(TARGET_NAME)";
				SWIFT_VERSION = 4.2;
				TARGETED_DEVICE_FAMILY = "1,2";
			};
			name = Debug;
		};
		84B7EF55226EF68200B06C60 /* Release */ = {
			isa = XCBuildConfiguration;
			buildSettings = {
				ASSETCATALOG_COMPILER_APPICON_NAME = AppIcon;
				CODE_SIGN_STYLE = Automatic;
				DEVELOPMENT_TEAM = "";
				INFOPLIST_FILE = "IOS Release/Info.plist";
				LD_RUNPATH_SEARCH_PATHS = (
					"$(inherited)",
					"@executable_path/Frameworks",
				);
				PRODUCT_BUNDLE_IDENTIFIER = "com.trunguyen.IOS-Release";
				PRODUCT_NAME = "$(TARGET_NAME)";
				SWIFT_VERSION = 4.2;
				TARGETED_DEVICE_FAMILY = "1,2";
			};
			name = Release;
		};
		84B7EF57226EF68200B06C60 /* Debug */ = {
			isa = XCBuildConfiguration;
			buildSettings = {
				ALWAYS_EMBED_SWIFT_STANDARD_LIBRARIES = YES;
				BUNDLE_LOADER = "$(TEST_HOST)";
				CODE_SIGN_STYLE = Automatic;
				INFOPLIST_FILE = "IOS ReleaseTests/Info.plist";
				LD_RUNPATH_SEARCH_PATHS = (
					"$(inherited)",
					"@executable_path/Frameworks",
					"@loader_path/Frameworks",
				);
				PRODUCT_BUNDLE_IDENTIFIER = "com.trunguyen.IOS-ReleaseTests";
				PRODUCT_NAME = "$(TARGET_NAME)";
				SWIFT_VERSION = 4.2;
				TARGETED_DEVICE_FAMILY = "1,2";
				TEST_HOST = "$(BUILT_PRODUCTS_DIR)/IOS Release.app/IOS Release";
			};
			name = Debug;
		};
		84B7EF58226EF68200B06C60 /* Release */ = {
			isa = XCBuildConfiguration;
			buildSettings = {
				ALWAYS_EMBED_SWIFT_STANDARD_LIBRARIES = YES;
				BUNDLE_LOADER = "$(TEST_HOST)";
				CODE_SIGN_STYLE = Automatic;
				INFOPLIST_FILE = "IOS ReleaseTests/Info.plist";
				LD_RUNPATH_SEARCH_PATHS = (
					"$(inherited)",
					"@executable_path/Frameworks",
					"@loader_path/Frameworks",
				);
				PRODUCT_BUNDLE_IDENTIFIER = "com.trunguyen.IOS-ReleaseTests";
				PRODUCT_NAME = "$(TARGET_NAME)";
				SWIFT_VERSION = 4.2;
				TARGETED_DEVICE_FAMILY = "1,2";
				TEST_HOST = "$(BUILT_PRODUCTS_DIR)/IOS Release.app/IOS Release";
			};
			name = Release;
		};
		84B7EF5A226EF68200B06C60 /* Debug */ = {
			isa = XCBuildConfiguration;
			buildSettings = {
				ALWAYS_EMBED_SWIFT_STANDARD_LIBRARIES = YES;
				CODE_SIGN_STYLE = Automatic;
				INFOPLIST_FILE = "IOS ReleaseUITests/Info.plist";
				LD_RUNPATH_SEARCH_PATHS = (
					"$(inherited)",
					"@executable_path/Frameworks",
					"@loader_path/Frameworks",
				);
				PRODUCT_BUNDLE_IDENTIFIER = "com.trunguyen.IOS-ReleaseUITests";
				PRODUCT_NAME = "$(TARGET_NAME)";
				SWIFT_VERSION = 4.2;
				TARGETED_DEVICE_FAMILY = "1,2";
				TEST_TARGET_NAME = "IOS Release";
			};
			name = Debug;
		};
		84B7EF5B226EF68200B06C60 /* Release */ = {
			isa = XCBuildConfiguration;
			buildSettings = {
				ALWAYS_EMBED_SWIFT_STANDARD_LIBRARIES = YES;
				CODE_SIGN_STYLE = Automatic;
				INFOPLIST_FILE = "IOS ReleaseUITests/Info.plist";
				LD_RUNPATH_SEARCH_PATHS = (
					"$(inherited)",
					"@executable_path/Frameworks",
					"@loader_path/Frameworks",
				);
				PRODUCT_BUNDLE_IDENTIFIER = "com.trunguyen.IOS-ReleaseUITests";
				PRODUCT_NAME = "$(TARGET_NAME)";
				SWIFT_VERSION = 4.2;
				TARGETED_DEVICE_FAMILY = "1,2";
				TEST_TARGET_NAME = "IOS Release";
			};
			name = Release;
		};
/* End XCBuildConfiguration section */

/* Begin XCConfigurationList section */
		84B7EF26226EF68100B06C60 /* Build configuration list for PBXProject "IOS Release" */ = {
			isa = XCConfigurationList;
			buildConfigurations = (
				84B7EF51226EF68200B06C60 /* Debug */,
				84B7EF52226EF68200B06C60 /* Release */,
			);
			defaultConfigurationIsVisible = 0;
			defaultConfigurationName = Release;
		};
		84B7EF53226EF68200B06C60 /* Build configuration list for PBXNativeTarget "IOS Release" */ = {
			isa = XCConfigurationList;
			buildConfigurations = (
				84B7EF54226EF68200B06C60 /* Debug */,
				84B7EF55226EF68200B06C60 /* Release */,
			);
			defaultConfigurationIsVisible = 0;
			defaultConfigurationName = Release;
		};
		84B7EF56226EF68200B06C60 /* Build configuration list for PBXNativeTarget "IOS ReleaseTests" */ = {
			isa = XCConfigurationList;
			buildConfigurations = (
				84B7EF57226EF68200B06C60 /* Debug */,
				84B7EF58226EF68200B06C60 /* Release */,
			);
			defaultConfigurationIsVisible = 0;
			defaultConfigurationName = Release;
		};
		84B7EF59226EF68200B06C60 /* Build configuration list for PBXNativeTarget "IOS ReleaseUITests" */ = {
			isa = XCConfigurationList;
			buildConfigurations = (
				84B7EF5A226EF68200B06C60 /* Debug */,
				84B7EF5B226EF68200B06C60 /* Release */,
			);
			defaultConfigurationIsVisible = 0;
			defaultConfigurationName = Release;
		};
/* End XCConfigurationList section */
	};
	rootObject = 84B7EF23226EF68100B06C60 /* Project object */;
}
